
Microsoft Visual Studio Solution File, Format Version 12.00
# Visual Studio 15
VisualStudioVersion = 15.0.27130.2010
MinimumVisualStudioVersion = 10.0.40219.1
Project("{FAE04EC0-301F-11D3-BF4B-00C04F79EFBC}") = "GraphiQL", "GraphiQL\GraphiQL.csproj", "{B5F85663-AA02-4E92-8AC1-D396BB79B4EF}"
EndProject
Project("{FAE04EC0-301F-11D3-BF4B-00C04F79EFBC}") = "GraphiQl.Example", "GraphiQl.Example\GraphiQl.Example.csproj", "{A472224A-6F0A-4F46-943F-98CE7091FC98}"
EndProject
Project("{2150E333-8FDC-42A3-9474-1A3956D46DE8}") = "ef6", "ef6", "{5654A3B1-76E1-4D89-8EA0-96641AF166E4}"
EndProject
Project("{FAE04EC0-301F-11D3-BF4B-00C04F79EFBC}") = "StarWars.Api", "StarWars.Api\StarWars.Api.csproj", "{BD217EE1-1E82-486D-A356-2C8FA3D67B24}"
EndProject
Project("{FAE04EC0-301F-11D3-BF4B-00C04F79EFBC}") = "StarWars.Data", "StarWars.Data\StarWars.Data.csproj", "{CBB9409A-4A54-4958-8F47-D8EEF44D86CA}"
EndProject
Project("{FAE04EC0-301F-11D3-BF4B-00C04F79EFBC}") = "StarWars.Core", "StarWars.Core\StarWars.Core.csproj", "{6B6B2286-1D83-4F1E-BFD8-B28EE926D0C7}"
EndProject
Global
	GlobalSection(SolutionConfigurationPlatforms) = preSolution
		Debug|Any CPU = Debug|Any CPU
		Release|Any CPU = Release|Any CPU
	EndGlobalSection
	GlobalSection(ProjectConfigurationPlatforms) = postSolution
		{B5F85663-AA02-4E92-8AC1-D396BB79B4EF}.Debug|Any CPU.ActiveCfg = Debug|Any CPU
		{B5F85663-AA02-4E92-8AC1-D396BB79B4EF}.Debug|Any CPU.Build.0 = Debug|Any CPU
		{B5F85663-AA02-4E92-8AC1-D396BB79B4EF}.Release|Any CPU.ActiveCfg = Release|Any CPU
		{B5F85663-AA02-4E92-8AC1-D396BB79B4EF}.Release|Any CPU.Build.0 = Release|Any CPU
		{A472224A-6F0A-4F46-943F-98CE7091FC98}.Debug|Any CPU.ActiveCfg = Debug|Any CPU
		{A472224A-6F0A-4F46-943F-98CE7091FC98}.Debug|Any CPU.Build.0 = Debug|Any CPU
		{A472224A-6F0A-4F46-943F-98CE7091FC98}.Release|Any CPU.ActiveCfg = Release|Any CPU
		{A472224A-6F0A-4F46-943F-98CE7091FC98}.Release|Any CPU.Build.0 = Release|Any CPU
		{BD217EE1-1E82-486D-A356-2C8FA3D67B24}.Debug|Any CPU.ActiveCfg = Debug|Any CPU
		{BD217EE1-1E82-486D-A356-2C8FA3D67B24}.Debug|Any CPU.Build.0 = Debug|Any CPU
		{BD217EE1-1E82-486D-A356-2C8FA3D67B24}.Release|Any CPU.ActiveCfg = Release|Any CPU
		{BD217EE1-1E82-486D-A356-2C8FA3D67B24}.Release|Any CPU.Build.0 = Release|Any CPU
		{CBB9409A-4A54-4958-8F47-D8EEF44D86CA}.Debug|Any CPU.ActiveCfg = Debug|Any CPU
		{CBB9409A-4A54-4958-8F47-D8EEF44D86CA}.Debug|Any CPU.Build.0 = Debug|Any CPU
		{CBB9409A-4A54-4958-8F47-D8EEF44D86CA}.Release|Any CPU.ActiveCfg = Release|Any CPU
		{CBB9409A-4A54-4958-8F47-D8EEF44D86CA}.Release|Any CPU.Build.0 = Release|Any CPU
		{6B6B2286-1D83-4F1E-BFD8-B28EE926D0C7}.Debug|Any CPU.ActiveCfg = Debug|Any CPU
		{6B6B2286-1D83-4F1E-BFD8-B28EE926D0C7}.Debug|Any CPU.Build.0 = Debug|Any CPU
		{6B6B2286-1D83-4F1E-BFD8-B28EE926D0C7}.Release|Any CPU.ActiveCfg = Release|Any CPU
		{6B6B2286-1D83-4F1E-BFD8-B28EE926D0C7}.Release|Any CPU.Build.0 = Release|Any CPU
	EndGlobalSection
	GlobalSection(SolutionProperties) = preSolution
		HideSolutionNode = FALSE
	EndGlobalSection
	GlobalSection(NestedProjects) = preSolution
		{BD217EE1-1E82-486D-A356-2C8FA3D67B24} = {5654A3B1-76E1-4D89-8EA0-96641AF166E4}
		{CBB9409A-4A54-4958-8F47-D8EEF44D86CA} = {5654A3B1-76E1-4D89-8EA0-96641AF166E4}
		{6B6B2286-1D83-4F1E-BFD8-B28EE926D0C7} = {5654A3B1-76E1-4D89-8EA0-96641AF166E4}
	EndGlobalSection
	GlobalSection(ExtensibilityGlobals) = postSolution
		SolutionGuid = {D56340F9-C16D-4A92-B93F-40583BD4C7B0}
	EndGlobalSection
EndGlobal
